
Microsoft Visual Studio Solution File, Format Version 12.00
# Visual Studio Version 17
VisualStudioVersion = 17.2.32616.157
MinimumVisualStudioVersion = 10.0.40219.1
Project("{9A19103F-16F7-4668-BE54-9A1E7A4F7556}") = "RapidPayApi", "RapidPayApi\RapidPayApi.csproj", "{02D81DAE-E382-45A7-B768-92739EE208C5}"
EndProject
Project("{FAE04EC0-301F-11D3-BF4B-00C04F79EFBC}") = "RapidPayApi.Data", "RapidPayApi.Data\RapidPayApi.Data.csproj", "{B6FD1FBB-F4AA-4071-BAE0-7A16963C70CF}"
EndProject
Project("{FAE04EC0-301F-11D3-BF4B-00C04F79EFBC}") = "RapidPay.Core", "RapidPay.Core\RapidPay.Core.csproj", "{5E5E151B-F78D-4E96-9FBD-BB7CD6799DF9}"
EndProject
Global
	GlobalSection(SolutionConfigurationPlatforms) = preSolution
		Debug|Any CPU = Debug|Any CPU
		Release|Any CPU = Release|Any CPU
	EndGlobalSection
	GlobalSection(ProjectConfigurationPlatforms) = postSolution
		{02D81DAE-E382-45A7-B768-92739EE208C5}.Debug|Any CPU.ActiveCfg = Debug|Any CPU
		{02D81DAE-E382-45A7-B768-92739EE208C5}.Debug|Any CPU.Build.0 = Debug|Any CPU
		{02D81DAE-E382-45A7-B768-92739EE208C5}.Release|Any CPU.ActiveCfg = Release|Any CPU
		{02D81DAE-E382-45A7-B768-92739EE208C5}.Release|Any CPU.Build.0 = Release|Any CPU
		{B6FD1FBB-F4AA-4071-BAE0-7A16963C70CF}.Debug|Any CPU.ActiveCfg = Debug|Any CPU
		{B6FD1FBB-F4AA-4071-BAE0-7A16963C70CF}.Debug|Any CPU.Build.0 = Debug|Any CPU
		{B6FD1FBB-F4AA-4071-BAE0-7A16963C70CF}.Release|Any CPU.ActiveCfg = Release|Any CPU
		{B6FD1FBB-F4AA-4071-BAE0-7A16963C70CF}.Release|Any CPU.Build.0 = Release|Any CPU
		{5E5E151B-F78D-4E96-9FBD-BB7CD6799DF9}.Debug|Any CPU.ActiveCfg = Debug|Any CPU
		{5E5E151B-F78D-4E96-9FBD-BB7CD6799DF9}.Debug|Any CPU.Build.0 = Debug|Any CPU
		{5E5E151B-F78D-4E96-9FBD-BB7CD6799DF9}.Release|Any CPU.ActiveCfg = Release|Any CPU
		{5E5E151B-F78D-4E96-9FBD-BB7CD6799DF9}.Release|Any CPU.Build.0 = Release|Any CPU
	EndGlobalSection
	GlobalSection(SolutionProperties) = preSolution
		HideSolutionNode = FALSE
	EndGlobalSection
	GlobalSection(ExtensibilityGlobals) = postSolution
		SolutionGuid = {57D71401-E4EF-43FA-9B50-C5C03811CEA7}
	EndGlobalSection
EndGlobal
